
Microsoft Visual Studio Solution File, Format Version 12.00
# Visual Studio Version 16
VisualStudioVersion = 16.0.29911.84
MinimumVisualStudioVersion = 10.0.40219.1
Project("{FAE04EC0-301F-11D3-BF4B-00C04F79EFBC}") = "MedianOfTwoSortedArrays", "MedianOfTwoSortedArrays\MedianOfTwoSortedArrays.csproj", "{258DFF10-4193-4EEF-9770-DBE0CE26056A}"
EndProject
Global
	GlobalSection(SolutionConfigurationPlatforms) = preSolution
		Debug|Any CPU = Debug|Any CPU
		Release|Any CPU = Release|Any CPU
	EndGlobalSection
	GlobalSection(ProjectConfigurationPlatforms) = postSolution
		{258DFF10-4193-4EEF-9770-DBE0CE26056A}.Debug|Any CPU.ActiveCfg = Debug|Any CPU
		{258DFF10-4193-4EEF-9770-DBE0CE26056A}.Debug|Any CPU.Build.0 = Debug|Any CPU
		{258DFF10-4193-4EEF-9770-DBE0CE26056A}.Release|Any CPU.ActiveCfg = Release|Any CPU
		{258DFF10-4193-4EEF-9770-DBE0CE26056A}.Release|Any CPU.Build.0 = Release|Any CPU
	EndGlobalSection
	GlobalSection(SolutionProperties) = preSolution
		HideSolutionNode = FALSE
	EndGlobalSection
	GlobalSection(ExtensibilityGlobals) = postSolution
		SolutionGuid = {BBC4C91F-CDC6-4B8A-B7D4-04703D74685F}
	EndGlobalSection
EndGlobal
