
Microsoft Visual Studio Solution File, Format Version 12.00
# Visual Studio Version 16
VisualStudioVersion = 16.0.29911.84
MinimumVisualStudioVersion = 10.0.40219.1
Project("{9A19103F-16F7-4668-BE54-9A1E7A4F7556}") = "MedianOfTwoSortedArrays", "MedianOfTwoSortedArrays\MedianOfTwoSortedArrays.csproj", "{258DFF10-4193-4EEF-9770-DBE0CE26056A}"
EndProject
Project("{2150E333-8FDC-42A3-9474-1A3956D46DE8}") = "Problems", "Problems", "{FA1B9AD9-A056-4DC3-B7E5-9B2C2D79A2F6}"
EndProject
Project("{2150E333-8FDC-42A3-9474-1A3956D46DE8}") = "Test", "Test", "{74175AEA-2868-437F-A9C1-7ED4818ADF3C}"
EndProject
Project("{2150E333-8FDC-42A3-9474-1A3956D46DE8}") = "Arrays", "Arrays", "{958E4A64-5D0A-4DF4-8A87-39697B65BCAE}"
EndProject
Project("{9A19103F-16F7-4668-BE54-9A1E7A4F7556}") = "LeetcodeProblemsTests", "LeetcodeProblemsTests\LeetcodeProblemsTests.csproj", "{527E6DAC-A311-43F4-91CC-4508B2D85E6C}"
EndProject
Project("{9A19103F-16F7-4668-BE54-9A1E7A4F7556}") = "MaximumSubArray", "MaximumSubArray\MaximumSubArray.csproj", "{3C668BA6-54BF-4908-8165-E4232BC0169E}"
EndProject
Project("{9A19103F-16F7-4668-BE54-9A1E7A4F7556}") = "NumberOfIslands", "Number of Islands\NumberOfIslands.csproj", "{5EAFE682-8AB9-433C-8146-9C3DEAD9D4DB}"
EndProject
Project("{9A19103F-16F7-4668-BE54-9A1E7A4F7556}") = "ContainerWithMostWater", "ContainerWithMostWater\ContainerWithMostWater.csproj", "{03CB5E62-85F2-46CB-A3FB-CE50F5D69B4D}"
EndProject
Project("{9A19103F-16F7-4668-BE54-9A1E7A4F7556}") = "WordBreak", "WordBreak\WordBreak.csproj", "{1C120A45-8C0E-4A28-9BBA-7FF55574BC0B}"
EndProject
Project("{9A19103F-16F7-4668-BE54-9A1E7A4F7556}") = "HouseRobber", "HouseRobber\HouseRobber.csproj", "{8426EBF7-FBFA-4321-B3C7-06B1CE97E2A6}"
EndProject
Project("{9A19103F-16F7-4668-BE54-9A1E7A4F7556}") = "UniquePaths", "UniquePaths\UniquePaths.csproj", "{856EF0F2-0FBE-4B49-AD03-64C05A270DEF}"
EndProject
Project("{FAE04EC0-301F-11D3-BF4B-00C04F79EFBC}") = "TwoSum", "TwoSum\TwoSum.csproj", "{EE1F03E9-3545-4BBB-AFDE-CFA6C9E03D8E}"
EndProject
Project("{2150E333-8FDC-42A3-9474-1A3956D46DE8}") = "Strings", "Strings", "{F7C3BC1D-1F53-4DCD-AB55-2229AAFA6354}"
EndProject
Project("{FAE04EC0-301F-11D3-BF4B-00C04F79EFBC}") = "ValidParentheses", "ValidParentheses\ValidParentheses.csproj", "{E969A169-09D8-45E9-91BF-E56BD8E39A7C}"
EndProject
Project("{FAE04EC0-301F-11D3-BF4B-00C04F79EFBC}") = "MergeTwoSortedList", "MergeTwoSortedList\MergeTwoSortedList.csproj", "{ECD3A44C-6FD5-4375-8A13-E2FDB5D8315D}"
EndProject
Project("{FAE04EC0-301F-11D3-BF4B-00C04F79EFBC}") = "BestTimeToBuyAndSellStock", "BestTimeToBuyAndSellStock\BestTimeToBuyAndSellStock.csproj", "{E270AF28-550B-4C45-99DA-AAA89D321919}"
EndProject
Project("{FAE04EC0-301F-11D3-BF4B-00C04F79EFBC}") = "ValidPalindrome", "ValidPalindrome\ValidPalindrome.csproj", "{96A7DF12-F0EF-4475-9440-D0F76964E90D}"
EndProject
Project("{2150E333-8FDC-42A3-9474-1A3956D46DE8}") = "Trees", "Trees", "{C6BB872D-896E-4574-9938-89D8335B7147}"
EndProject
Project("{FAE04EC0-301F-11D3-BF4B-00C04F79EFBC}") = "InvertBinaryTree", "InvertBinaryTree\InvertBinaryTree.csproj", "{8026FAB0-AE66-4569-9183-7C06C59FC378}"
EndProject
Project("{FAE04EC0-301F-11D3-BF4B-00C04F79EFBC}") = "ValidAnagram", "ValidAnagram\ValidAnagram.csproj", "{E797271A-625F-48F5-B905-4FF3027EC650}"
EndProject
Project("{FAE04EC0-301F-11D3-BF4B-00C04F79EFBC}") = "BinarySearch", "BinarySearch\BinarySearch.csproj", "{65D3AA76-C7D3-4AB9-9F46-055D48B28B53}"
EndProject
Project("{FAE04EC0-301F-11D3-BF4B-00C04F79EFBC}") = "FloodFill", "FloodFill\FloodFill.csproj", "{7F63F00A-6820-456B-9823-88BF6833EE3D}"
EndProject
Global
	GlobalSection(SolutionConfigurationPlatforms) = preSolution
		Debug|Any CPU = Debug|Any CPU
		Release|Any CPU = Release|Any CPU
	EndGlobalSection
	GlobalSection(ProjectConfigurationPlatforms) = postSolution
		{258DFF10-4193-4EEF-9770-DBE0CE26056A}.Debug|Any CPU.ActiveCfg = Debug|Any CPU
		{258DFF10-4193-4EEF-9770-DBE0CE26056A}.Debug|Any CPU.Build.0 = Debug|Any CPU
		{258DFF10-4193-4EEF-9770-DBE0CE26056A}.Release|Any CPU.ActiveCfg = Release|Any CPU
		{258DFF10-4193-4EEF-9770-DBE0CE26056A}.Release|Any CPU.Build.0 = Release|Any CPU
		{527E6DAC-A311-43F4-91CC-4508B2D85E6C}.Debug|Any CPU.ActiveCfg = Debug|Any CPU
		{527E6DAC-A311-43F4-91CC-4508B2D85E6C}.Debug|Any CPU.Build.0 = Debug|Any CPU
		{527E6DAC-A311-43F4-91CC-4508B2D85E6C}.Release|Any CPU.ActiveCfg = Release|Any CPU
		{527E6DAC-A311-43F4-91CC-4508B2D85E6C}.Release|Any CPU.Build.0 = Release|Any CPU
		{3C668BA6-54BF-4908-8165-E4232BC0169E}.Debug|Any CPU.ActiveCfg = Debug|Any CPU
		{3C668BA6-54BF-4908-8165-E4232BC0169E}.Debug|Any CPU.Build.0 = Debug|Any CPU
		{3C668BA6-54BF-4908-8165-E4232BC0169E}.Release|Any CPU.ActiveCfg = Release|Any CPU
		{3C668BA6-54BF-4908-8165-E4232BC0169E}.Release|Any CPU.Build.0 = Release|Any CPU
		{5EAFE682-8AB9-433C-8146-9C3DEAD9D4DB}.Debug|Any CPU.ActiveCfg = Debug|Any CPU
		{5EAFE682-8AB9-433C-8146-9C3DEAD9D4DB}.Debug|Any CPU.Build.0 = Debug|Any CPU
		{5EAFE682-8AB9-433C-8146-9C3DEAD9D4DB}.Release|Any CPU.ActiveCfg = Release|Any CPU
		{5EAFE682-8AB9-433C-8146-9C3DEAD9D4DB}.Release|Any CPU.Build.0 = Release|Any CPU
		{03CB5E62-85F2-46CB-A3FB-CE50F5D69B4D}.Debug|Any CPU.ActiveCfg = Debug|Any CPU
		{03CB5E62-85F2-46CB-A3FB-CE50F5D69B4D}.Debug|Any CPU.Build.0 = Debug|Any CPU
		{03CB5E62-85F2-46CB-A3FB-CE50F5D69B4D}.Release|Any CPU.ActiveCfg = Release|Any CPU
		{03CB5E62-85F2-46CB-A3FB-CE50F5D69B4D}.Release|Any CPU.Build.0 = Release|Any CPU
		{1C120A45-8C0E-4A28-9BBA-7FF55574BC0B}.Debug|Any CPU.ActiveCfg = Debug|Any CPU
		{1C120A45-8C0E-4A28-9BBA-7FF55574BC0B}.Debug|Any CPU.Build.0 = Debug|Any CPU
		{1C120A45-8C0E-4A28-9BBA-7FF55574BC0B}.Release|Any CPU.ActiveCfg = Release|Any CPU
		{1C120A45-8C0E-4A28-9BBA-7FF55574BC0B}.Release|Any CPU.Build.0 = Release|Any CPU
		{8426EBF7-FBFA-4321-B3C7-06B1CE97E2A6}.Debug|Any CPU.ActiveCfg = Debug|Any CPU
		{8426EBF7-FBFA-4321-B3C7-06B1CE97E2A6}.Debug|Any CPU.Build.0 = Debug|Any CPU
		{8426EBF7-FBFA-4321-B3C7-06B1CE97E2A6}.Release|Any CPU.ActiveCfg = Release|Any CPU
		{8426EBF7-FBFA-4321-B3C7-06B1CE97E2A6}.Release|Any CPU.Build.0 = Release|Any CPU
		{856EF0F2-0FBE-4B49-AD03-64C05A270DEF}.Debug|Any CPU.ActiveCfg = Debug|Any CPU
		{856EF0F2-0FBE-4B49-AD03-64C05A270DEF}.Debug|Any CPU.Build.0 = Debug|Any CPU
		{856EF0F2-0FBE-4B49-AD03-64C05A270DEF}.Release|Any CPU.ActiveCfg = Release|Any CPU
		{856EF0F2-0FBE-4B49-AD03-64C05A270DEF}.Release|Any CPU.Build.0 = Release|Any CPU
		{EE1F03E9-3545-4BBB-AFDE-CFA6C9E03D8E}.Debug|Any CPU.ActiveCfg = Debug|Any CPU
		{EE1F03E9-3545-4BBB-AFDE-CFA6C9E03D8E}.Debug|Any CPU.Build.0 = Debug|Any CPU
		{EE1F03E9-3545-4BBB-AFDE-CFA6C9E03D8E}.Release|Any CPU.ActiveCfg = Release|Any CPU
		{EE1F03E9-3545-4BBB-AFDE-CFA6C9E03D8E}.Release|Any CPU.Build.0 = Release|Any CPU
		{E969A169-09D8-45E9-91BF-E56BD8E39A7C}.Debug|Any CPU.ActiveCfg = Debug|Any CPU
		{E969A169-09D8-45E9-91BF-E56BD8E39A7C}.Debug|Any CPU.Build.0 = Debug|Any CPU
		{E969A169-09D8-45E9-91BF-E56BD8E39A7C}.Release|Any CPU.ActiveCfg = Release|Any CPU
		{E969A169-09D8-45E9-91BF-E56BD8E39A7C}.Release|Any CPU.Build.0 = Release|Any CPU
		{ECD3A44C-6FD5-4375-8A13-E2FDB5D8315D}.Debug|Any CPU.ActiveCfg = Debug|Any CPU
		{ECD3A44C-6FD5-4375-8A13-E2FDB5D8315D}.Debug|Any CPU.Build.0 = Debug|Any CPU
		{ECD3A44C-6FD5-4375-8A13-E2FDB5D8315D}.Release|Any CPU.ActiveCfg = Release|Any CPU
		{ECD3A44C-6FD5-4375-8A13-E2FDB5D8315D}.Release|Any CPU.Build.0 = Release|Any CPU
		{E270AF28-550B-4C45-99DA-AAA89D321919}.Debug|Any CPU.ActiveCfg = Debug|Any CPU
		{E270AF28-550B-4C45-99DA-AAA89D321919}.Debug|Any CPU.Build.0 = Debug|Any CPU
		{E270AF28-550B-4C45-99DA-AAA89D321919}.Release|Any CPU.ActiveCfg = Release|Any CPU
		{E270AF28-550B-4C45-99DA-AAA89D321919}.Release|Any CPU.Build.0 = Release|Any CPU
		{96A7DF12-F0EF-4475-9440-D0F76964E90D}.Debug|Any CPU.ActiveCfg = Debug|Any CPU
		{96A7DF12-F0EF-4475-9440-D0F76964E90D}.Debug|Any CPU.Build.0 = Debug|Any CPU
		{96A7DF12-F0EF-4475-9440-D0F76964E90D}.Release|Any CPU.ActiveCfg = Release|Any CPU
		{96A7DF12-F0EF-4475-9440-D0F76964E90D}.Release|Any CPU.Build.0 = Release|Any CPU
		{8026FAB0-AE66-4569-9183-7C06C59FC378}.Debug|Any CPU.ActiveCfg = Debug|Any CPU
		{8026FAB0-AE66-4569-9183-7C06C59FC378}.Debug|Any CPU.Build.0 = Debug|Any CPU
		{8026FAB0-AE66-4569-9183-7C06C59FC378}.Release|Any CPU.ActiveCfg = Release|Any CPU
		{8026FAB0-AE66-4569-9183-7C06C59FC378}.Release|Any CPU.Build.0 = Release|Any CPU
		{E797271A-625F-48F5-B905-4FF3027EC650}.Debug|Any CPU.ActiveCfg = Debug|Any CPU
		{E797271A-625F-48F5-B905-4FF3027EC650}.Debug|Any CPU.Build.0 = Debug|Any CPU
		{E797271A-625F-48F5-B905-4FF3027EC650}.Release|Any CPU.ActiveCfg = Release|Any CPU
		{E797271A-625F-48F5-B905-4FF3027EC650}.Release|Any CPU.Build.0 = Release|Any CPU
		{65D3AA76-C7D3-4AB9-9F46-055D48B28B53}.Debug|Any CPU.ActiveCfg = Debug|Any CPU
		{65D3AA76-C7D3-4AB9-9F46-055D48B28B53}.Debug|Any CPU.Build.0 = Debug|Any CPU
		{65D3AA76-C7D3-4AB9-9F46-055D48B28B53}.Release|Any CPU.ActiveCfg = Release|Any CPU
		{65D3AA76-C7D3-4AB9-9F46-055D48B28B53}.Release|Any CPU.Build.0 = Release|Any CPU
		{7F63F00A-6820-456B-9823-88BF6833EE3D}.Debug|Any CPU.ActiveCfg = Debug|Any CPU
		{7F63F00A-6820-456B-9823-88BF6833EE3D}.Debug|Any CPU.Build.0 = Debug|Any CPU
		{7F63F00A-6820-456B-9823-88BF6833EE3D}.Release|Any CPU.ActiveCfg = Release|Any CPU
		{7F63F00A-6820-456B-9823-88BF6833EE3D}.Release|Any CPU.Build.0 = Release|Any CPU
	EndGlobalSection
	GlobalSection(SolutionProperties) = preSolution
		HideSolutionNode = FALSE
	EndGlobalSection
	GlobalSection(NestedProjects) = preSolution
		{258DFF10-4193-4EEF-9770-DBE0CE26056A} = {958E4A64-5D0A-4DF4-8A87-39697B65BCAE}
		{958E4A64-5D0A-4DF4-8A87-39697B65BCAE} = {FA1B9AD9-A056-4DC3-B7E5-9B2C2D79A2F6}
		{527E6DAC-A311-43F4-91CC-4508B2D85E6C} = {74175AEA-2868-437F-A9C1-7ED4818ADF3C}
		{3C668BA6-54BF-4908-8165-E4232BC0169E} = {958E4A64-5D0A-4DF4-8A87-39697B65BCAE}
		{5EAFE682-8AB9-433C-8146-9C3DEAD9D4DB} = {958E4A64-5D0A-4DF4-8A87-39697B65BCAE}
		{03CB5E62-85F2-46CB-A3FB-CE50F5D69B4D} = {958E4A64-5D0A-4DF4-8A87-39697B65BCAE}
		{1C120A45-8C0E-4A28-9BBA-7FF55574BC0B} = {958E4A64-5D0A-4DF4-8A87-39697B65BCAE}
		{8426EBF7-FBFA-4321-B3C7-06B1CE97E2A6} = {958E4A64-5D0A-4DF4-8A87-39697B65BCAE}
		{856EF0F2-0FBE-4B49-AD03-64C05A270DEF} = {958E4A64-5D0A-4DF4-8A87-39697B65BCAE}
		{EE1F03E9-3545-4BBB-AFDE-CFA6C9E03D8E} = {958E4A64-5D0A-4DF4-8A87-39697B65BCAE}
		{F7C3BC1D-1F53-4DCD-AB55-2229AAFA6354} = {FA1B9AD9-A056-4DC3-B7E5-9B2C2D79A2F6}
		{E969A169-09D8-45E9-91BF-E56BD8E39A7C} = {F7C3BC1D-1F53-4DCD-AB55-2229AAFA6354}
		{ECD3A44C-6FD5-4375-8A13-E2FDB5D8315D} = {958E4A64-5D0A-4DF4-8A87-39697B65BCAE}
		{E270AF28-550B-4C45-99DA-AAA89D321919} = {958E4A64-5D0A-4DF4-8A87-39697B65BCAE}
		{96A7DF12-F0EF-4475-9440-D0F76964E90D} = {F7C3BC1D-1F53-4DCD-AB55-2229AAFA6354}
		{C6BB872D-896E-4574-9938-89D8335B7147} = {FA1B9AD9-A056-4DC3-B7E5-9B2C2D79A2F6}
		{8026FAB0-AE66-4569-9183-7C06C59FC378} = {C6BB872D-896E-4574-9938-89D8335B7147}
		{E797271A-625F-48F5-B905-4FF3027EC650} = {F7C3BC1D-1F53-4DCD-AB55-2229AAFA6354}
		{65D3AA76-C7D3-4AB9-9F46-055D48B28B53} = {958E4A64-5D0A-4DF4-8A87-39697B65BCAE}
		{7F63F00A-6820-456B-9823-88BF6833EE3D} = {958E4A64-5D0A-4DF4-8A87-39697B65BCAE}
	EndGlobalSection
	GlobalSection(ExtensibilityGlobals) = postSolution
		SolutionGuid = {BBC4C91F-CDC6-4B8A-B7D4-04703D74685F}
	EndGlobalSection
EndGlobal
